
Microsoft Visual Studio Solution File, Format Version 12.00
# Visual Studio Version 16
VisualStudioVersion = 16.0.30717.126
MinimumVisualStudioVersion = 10.0.40219.1
Project("{FAE04EC0-301F-11D3-BF4B-00C04F79EFBC}") = "QuizSystem.Web", "QuizSystem.Web\QuizSystem.Web.csproj", "{427D24BA-648F-4589-AEC5-5139B3FB9B4C}"
EndProject
Project("{FAE04EC0-301F-11D3-BF4B-00C04F79EFBC}") = "QuizSystem.Data", "QuizSystem.Data\QuizSystem.Data.csproj", "{1552488E-FBFC-40A7-8F8C-4DB7DB25D73F}"
EndProject
Project("{FAE04EC0-301F-11D3-BF4B-00C04F79EFBC}") = "QuizSystem.Models", "QuizSystem.Models\QuizSystem.Models.csproj", "{E6951B53-859C-4102-8BC2-C986465C3D2B}"
EndProject
Project("{FAE04EC0-301F-11D3-BF4B-00C04F79EFBC}") = "QuizSystem.Services", "QuizSystem.Services\QuizSystem.Services.csproj", "{C02C535D-A1F6-4552-84DB-D4DFF6B59196}"
EndProject
Project("{FAE04EC0-301F-11D3-BF4B-00C04F79EFBC}") = "QuizSystem.ConsoleUI", "QuizSystem.ConsoleUI\QuizSystem.ConsoleUI.csproj", "{A7BC71BC-40D8-4E05-819D-23B76579C225}"
EndProject
Global
	GlobalSection(SolutionConfigurationPlatforms) = preSolution
		Debug|Any CPU = Debug|Any CPU
		Release|Any CPU = Release|Any CPU
	EndGlobalSection
	GlobalSection(ProjectConfigurationPlatforms) = postSolution
		{427D24BA-648F-4589-AEC5-5139B3FB9B4C}.Debug|Any CPU.ActiveCfg = Debug|Any CPU
		{427D24BA-648F-4589-AEC5-5139B3FB9B4C}.Debug|Any CPU.Build.0 = Debug|Any CPU
		{427D24BA-648F-4589-AEC5-5139B3FB9B4C}.Release|Any CPU.ActiveCfg = Release|Any CPU
		{427D24BA-648F-4589-AEC5-5139B3FB9B4C}.Release|Any CPU.Build.0 = Release|Any CPU
		{1552488E-FBFC-40A7-8F8C-4DB7DB25D73F}.Debug|Any CPU.ActiveCfg = Debug|Any CPU
		{1552488E-FBFC-40A7-8F8C-4DB7DB25D73F}.Debug|Any CPU.Build.0 = Debug|Any CPU
		{1552488E-FBFC-40A7-8F8C-4DB7DB25D73F}.Release|Any CPU.ActiveCfg = Release|Any CPU
		{1552488E-FBFC-40A7-8F8C-4DB7DB25D73F}.Release|Any CPU.Build.0 = Release|Any CPU
		{E6951B53-859C-4102-8BC2-C986465C3D2B}.Debug|Any CPU.ActiveCfg = Debug|Any CPU
		{E6951B53-859C-4102-8BC2-C986465C3D2B}.Debug|Any CPU.Build.0 = Debug|Any CPU
		{E6951B53-859C-4102-8BC2-C986465C3D2B}.Release|Any CPU.ActiveCfg = Release|Any CPU
		{E6951B53-859C-4102-8BC2-C986465C3D2B}.Release|Any CPU.Build.0 = Release|Any CPU
		{C02C535D-A1F6-4552-84DB-D4DFF6B59196}.Debug|Any CPU.ActiveCfg = Debug|Any CPU
		{C02C535D-A1F6-4552-84DB-D4DFF6B59196}.Debug|Any CPU.Build.0 = Debug|Any CPU
		{C02C535D-A1F6-4552-84DB-D4DFF6B59196}.Release|Any CPU.ActiveCfg = Release|Any CPU
		{C02C535D-A1F6-4552-84DB-D4DFF6B59196}.Release|Any CPU.Build.0 = Release|Any CPU
		{A7BC71BC-40D8-4E05-819D-23B76579C225}.Debug|Any CPU.ActiveCfg = Debug|Any CPU
		{A7BC71BC-40D8-4E05-819D-23B76579C225}.Debug|Any CPU.Build.0 = Debug|Any CPU
		{A7BC71BC-40D8-4E05-819D-23B76579C225}.Release|Any CPU.ActiveCfg = Release|Any CPU
		{A7BC71BC-40D8-4E05-819D-23B76579C225}.Release|Any CPU.Build.0 = Release|Any CPU
	EndGlobalSection
	GlobalSection(SolutionProperties) = preSolution
		HideSolutionNode = FALSE
	EndGlobalSection
	GlobalSection(ExtensibilityGlobals) = postSolution
		SolutionGuid = {A98ED7F6-5517-4D03-BE9B-2D1D70F43211}
	EndGlobalSection
EndGlobal
